
Microsoft Visual Studio Solution File, Format Version 12.00
# Visual Studio 2017
Project("{FAE04EC0-301F-11D3-BF4B-00C04F79EFBC}") = "FrogLog", "FrogLog.csproj", "{0A57D747-CB5C-E44C-1B07-BB771FEA0084}"
EndProject
Global
	GlobalSection(SolutionConfigurationPlatforms) = preSolution
		Debug|Any CPU = Debug|Any CPU
		Release|Any CPU = Release|Any CPU
	EndGlobalSection
	GlobalSection(ProjectConfigurationPlatforms) = postSolution
		{0A57D747-CB5C-E44C-1B07-BB771FEA0084}.Debug|Any CPU.ActiveCfg = Debug|Any CPU
		{0A57D747-CB5C-E44C-1B07-BB771FEA0084}.Debug|Any CPU.Build.0 = Debug|Any CPU
		{0A57D747-CB5C-E44C-1B07-BB771FEA0084}.Release|Any CPU.ActiveCfg = Release|Any CPU
		{0A57D747-CB5C-E44C-1B07-BB771FEA0084}.Release|Any CPU.Build.0 = Release|Any CPU
	EndGlobalSection
	GlobalSection(SolutionProperties) = preSolution
		HideSolutionNode = FALSE
	EndGlobalSection
EndGlobal
